{
  "nodes": {
    "ab-download-manager-src": {
      "flake": false,
      "locked": {
        "lastModified": 1771502696,
        "narHash": "sha256-nJZvYqbbupTjHMO/l0iWPuyjxXbCs3k/NnB7P9V5AEs=",
        "type": "tarball",
        "url": "https://github.com/amir1376/ab-download-manager/releases/download/v1.8.7/ABDownloadManager_1.8.7_linux_x64.tar.gz"
      },
      "original": {
        "type": "tarball",
        "url": "https://github.com/amir1376/ab-download-manager/releases/download/v1.8.7/ABDownloadManager_1.8.7_linux_x64.tar.gz"
      }
    },
    "home-manager": {
      "inputs": {
        "nixpkgs": [
          "nixpkgs"
        ]
      },
      "locked": {
        "lastModified": 1776562531,
        "narHash": "sha256-Lh5Ns9DI67E+lSMOCGK0S+mFPy0mz0yOGiJTUXiR9JI=",
        "owner": "nix-community",
        "repo": "home-manager",
        "rev": "5b56ad02dc643808b8af6d5f3ff179e2ce9593f4",
        "type": "github"
      },
      "original": {
        "owner": "nix-community",
        "ref": "master",
        "repo": "home-manager",
        "type": "github"
      }
    },
    "home-manager_2": {
      "inputs": {
        "nixpkgs": [
          "zen-browser",
          "nixpkgs"
        ]
      },
      "locked": {
        "lastModified": 1776184304,
        "narHash": "sha256-No6QGBmIv5ChiwKCcbkxjdEQ/RO2ZS1gD7SFy6EZ7rc=",
        "owner": "nix-community",
        "repo": "home-manager",
        "rev": "3c7524c68348ef79ce48308e0978611a050089b2",
        "type": "github"
      },
      "original": {
        "owner": "nix-community",
        "repo": "home-manager",
        "type": "github"
      }
    },
    "nixpkgs": {
      "locked": {
        "lastModified": 1776169885,
        "narHash": "sha256-l/iNYDZ4bGOAFQY2q8y5OAfBBtrDAaPuRQqWaFHVRXM=",
        "owner": "nixos",
        "repo": "nixpkgs",
        "rev": "4bd9165a9165d7b5e33ae57f3eecbcb28fb231c9",
        "type": "github"
      },
      "original": {
        "owner": "nixos",
        "ref": "nixos-unstable",
        "repo": "nixpkgs",
        "type": "github"
      }
    },
    "nixpkgs_2": {
      "locked": {
        "lastModified": 1775710090,
        "narHash": "sha256-ar3rofg+awPB8QXDaFJhJ2jJhu+KqN/PRCXeyuXR76E=",
        "owner": "nixos",
        "repo": "nixpkgs",
        "rev": "4c1018dae018162ec878d42fec712642d214fdfa",
        "type": "github"
      },
      "original": {
        "owner": "nixos",
        "ref": "nixos-unstable",
        "repo": "nixpkgs",
        "type": "github"
      }
    },
    "prismlauncher-cracked-src": {
      "flake": false,
      "locked": {
        "lastModified": 1776796563,
        "narHash": "sha256-z92LYJ/3mXa1MtbzVS1MkNxxVMhqHWjyack2btt4vDY=",
        "type": "tarball",
        "url": "https://github.com/Diegiwg/PrismLauncher-Cracked/releases/download/11.0.2-1/PrismLauncher-Linux-Qt6-Portable-11.0.2-1.tar.gz"
      },
      "original": {
        "type": "tarball",
        "url": "https://github.com/Diegiwg/PrismLauncher-Cracked/releases/download/11.0.2-1/PrismLauncher-Linux-Qt6-Portable-11.0.2-1.tar.gz"
      }
    },
    "root": {
      "inputs": {
        "ab-download-manager-src": "ab-download-manager-src",
        "home-manager": "home-manager",
        "nixpkgs": "nixpkgs",
        "prismlauncher-cracked-src": "prismlauncher-cracked-src",
        "spotiflac-src": "spotiflac-src",
        "zen-browser": "zen-browser"
      }
    },
    "spotiflac-src": {
      "flake": false,
      "locked": {
        "narHash": "sha256-+PkdO/wZPPyD7TXuujv4xf3CMepsawCtAQ0WhWkaAUI=",
        "type": "file",
        "url": "https://github.com/spotbye/SpotiFLAC/releases/latest/download/SpotiFLAC.AppImage"
      },
      "original": {
        "type": "file",
        "url": "https://github.com/spotbye/SpotiFLAC/releases/latest/download/SpotiFLAC.AppImage"
      }
    },
    "zen-browser": {
      "inputs": {
        "home-manager": "home-manager_2",
        "nixpkgs": "nixpkgs_2"
      },
      "locked": {
        "lastModified": 1776638237,
        "narHash": "sha256-dZGuVerSxZG/9ljBKcXQXkpBt5djkVoLzHeZVycip8U=",
        "owner": "0xc000022070",
        "repo": "zen-browser-flake",
        "rev": "75cc7559281e65e7a9ee54cbc301a4fe96e474f2",
        "type": "github"
      },
      "original": {
        "owner": "0xc000022070",
        "repo": "zen-browser-flake",
        "type": "github"
      }
    }
  },
  "root": "root",
  "version": 7
}
